{
  "version": 4,
  "terraform_version": "1.10.4",
  "serial": 4,
  "lineage": "840492c1-4bb2-4404-2225-ac7b4634b541",
  "outputs": {
    "node_cmd": {
      "value": " curl -fL https://n0-rancher-ext.ms.local.hpe/system-agent-install.sh | sudo  sh -s - --server https://n0-rancher-ext.ms.local.hpe --label 'cattle.io/os=linux' --token b9zqzgcvs8rm9zsglbf9p7k489crwjksvhnmtcf89zzwjsm6xdbbxw --ca-checksum 3e256e10d4b19b9bb765b22977c7b627f3c6e319b037a974de3c650b231bba46 --controlplane --worker --etcd",
      "type": "string",
      "sensitive": true
    }
  },
  "resources": [
    {
      "module": "module.rke2_vsphere_module",
      "mode": "managed",
      "type": "null_resource",
      "name": "rke2_node_config1",
      "provider": "provider[\"registry.terraform.io/hashicorp/null\"]",
      "instances": [
        {
          "schema_version": 0,
          "attributes": {
            "id": "3995037185137665",
            "triggers": null
          },
          "sensitive_attributes": [],
          "dependencies": [
            "module.rke2_vsphere_module.rancher2_cluster_v2.custom_rke2_cluster"
          ]
        }
      ]
    },
    {
      "module": "module.rke2_vsphere_module",
      "mode": "managed",
      "type": "rancher2_cluster_v2",
      "name": "custom_rke2_cluster",
      "provider": "module.rke2_vsphere_module.provider[\"registry.terraform.io/rancher/rancher2\"]",
      "instances": [
        {
          "schema_version": 1,
          "attributes": {
            "agent_env_vars": [],
            "annotations": {
              "field.cattle.io/creatorId": "user-9x7pw"
            },
            "cloud_credential_secret_name": null,
            "cluster_agent_deployment_customization": [],
            "cluster_registration_token": [
              {
                "annotations": {},
                "cluster_id": "c-m-h6jc4llv",
                "command": "kubectl apply -f https://n0-rancher-ext.ms.local.hpe/v3/import/b9zqzgcvs8rm9zsglbf9p7k489crwjksvhnmtcf89zzwjsm6xdbbxw_c-m-h6jc4llv.yaml",
                "id": "c-m-h6jc4llv:default-token",
                "insecure_command": "curl --insecure -sfL https://n0-rancher-ext.ms.local.hpe/v3/import/b9zqzgcvs8rm9zsglbf9p7k489crwjksvhnmtcf89zzwjsm6xdbbxw_c-m-h6jc4llv.yaml | kubectl apply -f -",
                "insecure_node_command": " curl --insecure -fL https://n0-rancher-ext.ms.local.hpe/system-agent-install.sh | sudo  sh -s - --server https://n0-rancher-ext.ms.local.hpe --label 'cattle.io/os=linux' --token b9zqzgcvs8rm9zsglbf9p7k489crwjksvhnmtcf89zzwjsm6xdbbxw --ca-checksum 3e256e10d4b19b9bb765b22977c7b627f3c6e319b037a974de3c650b231bba46",
                "insecure_windows_node_command": " curl.exe --insecure -fL https://n0-rancher-ext.ms.local.hpe/wins-agent-install.ps1 -o install.ps1; Set-ExecutionPolicy Bypass -Scope Process -Force; ./install.ps1 -Server https://n0-rancher-ext.ms.local.hpe -Label 'cattle.io/os=windows' -Token b9zqzgcvs8rm9zsglbf9p7k489crwjksvhnmtcf89zzwjsm6xdbbxw -Worker -CaChecksum 3e256e10d4b19b9bb765b22977c7b627f3c6e319b037a974de3c650b231bba46",
                "labels": {},
                "manifest_url": "https://n0-rancher-ext.ms.local.hpe/v3/import/b9zqzgcvs8rm9zsglbf9p7k489crwjksvhnmtcf89zzwjsm6xdbbxw_c-m-h6jc4llv.yaml",
                "name": "default-token",
                "node_command": " curl -fL https://n0-rancher-ext.ms.local.hpe/system-agent-install.sh | sudo  sh -s - --server https://n0-rancher-ext.ms.local.hpe --label 'cattle.io/os=linux' --token b9zqzgcvs8rm9zsglbf9p7k489crwjksvhnmtcf89zzwjsm6xdbbxw --ca-checksum 3e256e10d4b19b9bb765b22977c7b627f3c6e319b037a974de3c650b231bba46",
                "token": "b9zqzgcvs8rm9zsglbf9p7k489crwjksvhnmtcf89zzwjsm6xdbbxw",
                "windows_node_command": " curl.exe -fL https://n0-rancher-ext.ms.local.hpe/wins-agent-install.ps1 -o install.ps1; Set-ExecutionPolicy Bypass -Scope Process -Force; ./install.ps1 -Server https://n0-rancher-ext.ms.local.hpe -Label 'cattle.io/os=windows' -Token b9zqzgcvs8rm9zsglbf9p7k489crwjksvhnmtcf89zzwjsm6xdbbxw -Worker -CaChecksum 3e256e10d4b19b9bb765b22977c7b627f3c6e319b037a974de3c650b231bba46"
              }
            ],
            "cluster_v1_id": "c-m-h6jc4llv",
            "default_cluster_role_for_project_members": null,
            "default_pod_security_admission_configuration_template_name": null,
            "enable_network_policy": false,
            "fleet_agent_deployment_customization": [],
            "fleet_namespace": "fleet-default",
            "id": "fleet-default/rke2-dev05",
            "kube_config": "apiVersion: v1\nkind: Config\nclusters:\n- name: \"rke2-dev05\"\n  cluster:\n    server: \"https://n0-rancher-ext.ms.local.hpe/k8s/clusters/c-m-h6jc4llv\"\n    certificate-authority-data: \"LS0tLS1CRUdJTiBDRVJUSUZJQ0FURS0tLS0tCk1JSURtVENDQ\\\n      W9HZ0F3SUJBZ0lVRWF3a3E5QU5vS05VdzFCbkJFZzVrb2txeFVFd0RRWUpLb1pJaHZjTkFRRUwKQ\\\n      lFBd1hERUxNQWtHQTFVRUJoTUNWVk14RGpBTUJnTlZCQWdNQlZOMFlYUmxNUTB3Q3dZRFZRUUhEQ\\\n      VJEYVhSNQpNUTR3REFZRFZRUUtEQVZOZVU5eVp6RUxNQWtHQTFVRUN3d0NTVlF4RVRBUEJnTlZCQ\\\n      U1NQ0UxNVVtOXZkRU5CCk1CNFhEVEkxTURFeE5URXpNall4TlZvWERUSTJNREV4TlRFek1qWXhOV\\\n      m93WERFTE1Ba0dBMVVFQmhNQ1ZWTXgKRGpBTUJnTlZCQWdNQlZOMFlYUmxNUTB3Q3dZRFZRUUhEQ\\\n      VJEYVhSNU1RNHdEQVlEVlFRS0RBVk5lVTl5WnpFTApNQWtHQTFVRUN3d0NTVlF4RVRBUEJnTlZCQ\\\n      U1NQ0UxNVVtOXZkRU5CTUlJQklqQU5CZ2txaGtpRzl3MEJBUUVGCkFBT0NBUThBTUlJQkNnS0NBU\\\n      UVBb3ZLKzBFakRsNHM2YlMrd3BPTnFweGx2QzV1UjRmRnQ3dXhKUWV1NlUxUjMKcTdoR0VHM3RiK\\\n      01qNG1KS0k2aVFXQ1gyZ3dGYXp1eWIrdXVvK01ORDEzUDhhQWphOHM0Y0N1RHdQNURCTlVKQwpIZ\\\n      lVtZnJ2L0s4S2VHa1NKZks1TU1EcjRuV092QmorWTJlaXkyZm5qM0J3TjlDZ3pwb1B0NFpnRm5mM\\\n      Td4T21QCjBQRG13emhETXYrUmdsWFlVRGwweGEyNnhnMENYbjIzeHRyNnpCVjBKVmdyWjM4YUxje\\\n      nVNZklSRmluTlRxcGcKcHgvd2lsc0tFa0ZhRnBiWnZ1Y01JMEEwWWFRa1pZRzNBYnRNLzAyMTRrY\\\n      zdFZ2dPVnB0UXlsNjgyckVtU1RGVgpURjdTb1o2bFF5M0lWWGpQQyt6Y0ZXd01kSHpCcXdCcW1Jd\\\n      1ZrdU9XZXdJREFRQUJvMU13VVRBZEJnTlZIUTRFCkZnUVU4amMraW9ySTh4ZjlBMzRzbi9JUjkzU\\\n      DJTUlF3SHdZRFZSMGpCQmd3Rm9BVThqYytpb3JJOHhmOUEzNHMKbi9JUjkzUDJTUlF3RHdZRFZSM\\\n      FRBUUgvQkFVd0F3RUIvekFOQmdrcWhraUc5dzBCQVFzRkFBT0NBUUVBSk1ZcgpkRUpIL2dSclFDa\\\n      2JIaTY5dEJqcFp6cUZoVUVvNmhDSk1EK2VyU0lUZWRZWlJsWXBweG1rOHp1a0x4T3BHWkw5CnF4d\\\n      3A3U1haZHJBNFVjZVpDT1ZEbXVyR0pnemZCMnpTRWQzcjFQa3hlTHFmRkdMTHl0WUF5cFBqdzk1L\\\n      zk1cjMKRCsydXlUbEJTdHhRaFIwSFo2V215am41OFlLK1MvOWtTblJKeTYxV3VjNjhYSVBLQWNja\\\n      1JUQTRFdkYyTHpGOAorMGNEdjlQRU04Z2cyRWRYM1A1MkhCVHY4UTVaQVRqNWZ4eUhVZkxjSzV0b\\\n      k5HMUluRVRSRFNLZGRWaVFoV1dyCkZ5NytnM29najYveExaR0RYSE5kd05WSnZIK09NcGVKTWNGV\\\n      kZpYU5Ca1hwVTR3cG5hdFdpMzZIVHpxd3pFVTEKRmVFMWRSZjVtSEs4TG1qV1VnPT0KLS0tLS1FT\\\n      kQgQ0VSVElGSUNBVEUtLS0tLQ==\"\n\nusers:\n- name: \"rke2-dev05\"\n  user:\n    token: \"kubeconfig-user-9x7pwk784w:kkn4wmwfq8kzt7h7hsczt9vgfmmj2thdkjkchkhpj2ns7r89h9vjqq\"\n\n\ncontexts:\n- name: \"rke2-dev05\"\n  context:\n    user: \"rke2-dev05\"\n    cluster: \"rke2-dev05\"\n\ncurrent-context: \"rke2-dev05\"\n",
            "kubernetes_version": "v1.30.6+rke2r1",
            "labels": {},
            "local_auth_endpoint": [],
            "name": "rke2-dev05",
            "resource_version": "5714987",
            "rke_config": [
              {
                "additional_manifest": "",
                "chart_values": "",
                "etcd": [],
                "etcd_snapshot_create": [],
                "etcd_snapshot_restore": [],
                "local_auth_endpoint": [],
                "machine_global_config": "cni: flannel\n",
                "machine_pool_defaults": [],
                "machine_pools": [],
                "machine_selector_config": [],
                "machine_selector_files": [],
                "registries": [],
                "rotate_certificates": [],
                "upgrade_strategy": []
              }
            ],
            "timeouts": null
          },
          "sensitive_attributes": [
            [
              {
                "type": "get_attr",
                "value": "kube_config"
              }
            ],
            [
              {
                "type": "get_attr",
                "value": "cluster_registration_token"
              }
            ]
          ],
          "private": "eyJlMmJmYjczMC1lY2FhLTExZTYtOGY4OC0zNDM2M2JjN2M0YzAiOnsiY3JlYXRlIjoxODAwMDAwMDAwMDAwLCJkZWxldGUiOjE4MDAwMDAwMDAwMDAsInVwZGF0ZSI6MTgwMDAwMDAwMDAwMH0sInNjaGVtYV92ZXJzaW9uIjoiMSJ9"
        }
      ]
    }
  ],
  "check_results": null
}
